Microsoft Visual Studio Solution File, Format Version 12.00
# Visual Studio Version 17
VisualStudioVersion = 17.5.2.0
MinimumVisualStudioVersion = 10.0.40219.1
Project("{FAE04EC0-301F-11D3-BF4B-00C04F79EFBC}") = "SEP4_User_Service", "SEP4_User_Service.csproj", "{36140ED3-F594-AD2A-8218-42064837996B}"
EndProject
Global
	GlobalSection(SolutionConfigurationPlatforms) = preSolution
		Debug|Any CPU = Debug|Any CPU
		Release|Any CPU = Release|Any CPU
	EndGlobalSection
	GlobalSection(ProjectConfigurationPlatforms) = postSolution
		{36140ED3-F594-AD2A-8218-42064837996B}.Debug|Any CPU.ActiveCfg = Debug|Any CPU
		{36140ED3-F594-AD2A-8218-42064837996B}.Debug|Any CPU.Build.0 = Debug|Any CPU
		{36140ED3-F594-AD2A-8218-42064837996B}.Release|Any CPU.ActiveCfg = Release|Any CPU
		{36140ED3-F594-AD2A-8218-42064837996B}.Release|Any CPU.Build.0 = Release|Any CPU
	EndGlobalSection
	GlobalSection(SolutionProperties) = preSolution
		HideSolutionNode = FALSE
	EndGlobalSection
	GlobalSection(ExtensibilityGlobals) = postSolution
		SolutionGuid = {AD61A7C0-81A7-4656-AC8E-8130B2505379}
	EndGlobalSection
EndGlobal
